
Microsoft Visual Studio Solution File, Format Version 12.00
# Visual Studio Version 16
VisualStudioVersion = 16.0.29806.167
MinimumVisualStudioVersion = 10.0.40219.1
Project("{9A19103F-16F7-4668-BE54-9A1E7A4F7556}") = "DBFirst", "Tarea1DWB_DBFirst_EFCore\DBFirst.csproj", "{C4AF4DD9-DE8B-41A3-9EB8-D697B252F131}"
EndProject
Global
	GlobalSection(SolutionConfigurationPlatforms) = preSolution
		Debug|Any CPU = Debug|Any CPU
		Release|Any CPU = Release|Any CPU
	EndGlobalSection
	GlobalSection(ProjectConfigurationPlatforms) = postSolution
		{C4AF4DD9-DE8B-41A3-9EB8-D697B252F131}.Debug|Any CPU.ActiveCfg = Debug|Any CPU
		{C4AF4DD9-DE8B-41A3-9EB8-D697B252F131}.Debug|Any CPU.Build.0 = Debug|Any CPU
		{C4AF4DD9-DE8B-41A3-9EB8-D697B252F131}.Release|Any CPU.ActiveCfg = Release|Any CPU
		{C4AF4DD9-DE8B-41A3-9EB8-D697B252F131}.Release|Any CPU.Build.0 = Release|Any CPU
	EndGlobalSection
	GlobalSection(SolutionProperties) = preSolution
		HideSolutionNode = FALSE
	EndGlobalSection
	GlobalSection(ExtensibilityGlobals) = postSolution
		SolutionGuid = {A6EEA297-9D34-4054-9355-BA49A6BE4EC6}
	EndGlobalSection
EndGlobal
